
Microsoft Visual Studio Solution File, Format Version 12.00
# Visual Studio Version 17
VisualStudioVersion = 17.14.36518.9
MinimumVisualStudioVersion = 10.0.40219.1
Project("{8BC9CEB8-8B4A-11D0-8D11-00A0C91BC942}") = "PG3", "PG3.vcxproj", "{DDE1D528-13E1-46F0-B5E2-771BD7889416}"
EndProject
Project("{2150E333-8FDC-42A3-9474-1A3956D46DE8}") = "Solution Items", "Solution Items", "{DDB4EF12-CC4E-5E88-E6FC-71A802F4DE97}"
	ProjectSection(SolutionItems) = preProject
		.editorconfig = .editorconfig
	EndProjectSection
EndProject
Project("{8BC9CEB8-8B4A-11D0-8D11-00A0C91BC942}") = "PG3_01_01", "..\PG3_01_01\PG3_01_01.vcxproj", "{80A1FDF4-E455-4BFD-BC25-5E46BB9C9BAA}"
EndProject
Project("{8BC9CEB8-8B4A-11D0-8D11-00A0C91BC942}") = "00-01", "..\00-01\00-01.vcxproj", "{C8B5E939-D330-4487-AECF-85362A30BD33}"
EndProject
Project("{8BC9CEB8-8B4A-11D0-8D11-00A0C91BC942}") = "01-01", "..\01-01\01-01.vcxproj", "{07F43A56-ADA5-4239-8571-949CA20EF917}"
EndProject
Project("{8BC9CEB8-8B4A-11D0-8D11-00A0C91BC942}") = "01-02", "..\01-02\01-02.vcxproj", "{145BAC78-A600-4378-8453-C4C6E44D4DD4}"
EndProject
Project("{8BC9CEB8-8B4A-11D0-8D11-00A0C91BC942}") = "02-01", "..\02-01\02-01.vcxproj", "{725B4D0E-D4DA-4315-B669-BC304DD45382}"
EndProject
Project("{8BC9CEB8-8B4A-11D0-8D11-00A0C91BC942}") = "02-02", "..\02-02\02-02.vcxproj", "{CFFD9E43-BB73-4511-8B9F-82CE250621FF}"
EndProject
Project("{8BC9CEB8-8B4A-11D0-8D11-00A0C91BC942}") = "02-03", "..\02-03\02-03.vcxproj", "{95831456-9587-484A-B856-D0ED1129A9D9}"
EndProject
Project("{8BC9CEB8-8B4A-11D0-8D11-00A0C91BC942}") = "02-04", "..\02-04\02-04.vcxproj", "{F2E0C25E-4F72-48AD-A0D1-6A9ADC52763D}"
EndProject
Project("{8BC9CEB8-8B4A-11D0-8D11-00A0C91BC942}") = "03-01", "..\03-01\03-01.vcxproj", "{43FB51F8-54C2-4E8E-8818-EA206A57078B}"
EndProject
Project("{8BC9CEB8-8B4A-11D0-8D11-00A0C91BC942}") = "03-02", "..\03-02\03-02.vcxproj", "{EE2EE776-2416-4644-83B9-DFB8F68AB671}"
EndProject
Project("{8BC9CEB8-8B4A-11D0-8D11-00A0C91BC942}") = "03-03", "..\03-03\03-03.vcxproj", "{E4C70FBC-3AF8-4E6B-AA94-7DF96BC16577}"
EndProject
Project("{8BC9CEB8-8B4A-11D0-8D11-00A0C91BC942}") = "04-01", "..\04-01\Novice.vcxproj", "{0BC4A122-F06A-4486-BA08-4C9ACCA4AAB0}"
EndProject
Project("{2150E333-8FDC-42A3-9474-1A3956D46DE8}") = "00-01", "00-01", "{A2AF2230-FE03-4BF9-9522-479F55E99081}"
EndProject
Project("{2150E333-8FDC-42A3-9474-1A3956D46DE8}") = "01-01", "01-01", "{0B35E96B-2154-4E69-9174-76D0CC7937A5}"
EndProject
Project("{2150E333-8FDC-42A3-9474-1A3956D46DE8}") = "01-02", "01-02", "{C239D56D-AAD5-3E3F-16E3-C83E211AF029}"
EndProject
Project("{2150E333-8FDC-42A3-9474-1A3956D46DE8}") = "02-01", "02-01", "{94AE6A83-35B2-9290-17B1-EE58494AD8ED}"
EndProject
Project("{2150E333-8FDC-42A3-9474-1A3956D46DE8}") = "02-02", "02-02", "{5529D57C-7C95-1515-8C98-212AD91CCFED}"
EndProject
Project("{2150E333-8FDC-42A3-9474-1A3956D46DE8}") = "02-03", "02-03", "{292B65F8-FA0D-E47D-9464-DED9078AC5B8}"
EndProject
Project("{2150E333-8FDC-42A3-9474-1A3956D46DE8}") = "02-04", "02-04", "{E079ED7E-A6EA-5299-3B39-8FF2CF6D6183}"
EndProject
Project("{2150E333-8FDC-42A3-9474-1A3956D46DE8}") = "03-01", "03-01", "{69044882-E8EE-4394-BF86-126629A6A59D}"
EndProject
Project("{2150E333-8FDC-42A3-9474-1A3956D46DE8}") = "03-02", "03-02", "{D62454FC-46A0-44B0-BDBE-66D989753A66}"
EndProject
Project("{2150E333-8FDC-42A3-9474-1A3956D46DE8}") = "03-03", "03-03", "{38E85F58-0F4A-499B-BF08-2EC8B835363E}"
EndProject
Project("{2150E333-8FDC-42A3-9474-1A3956D46DE8}") = "04-01", "04-01", "{1C865EC8-BC15-429D-8A4F-EFC6E11111F1}"
EndProject
Global
	GlobalSection(SolutionConfigurationPlatforms) = preSolution
		Debug|x64 = Debug|x64
		Debug|x86 = Debug|x86
		Release|x64 = Release|x64
		Release|x86 = Release|x86
	EndGlobalSection
	GlobalSection(ProjectConfigurationPlatforms) = postSolution
		{DDE1D528-13E1-46F0-B5E2-771BD7889416}.Debug|x64.ActiveCfg = Debug|x64
		{DDE1D528-13E1-46F0-B5E2-771BD7889416}.Debug|x64.Build.0 = Debug|x64
		{DDE1D528-13E1-46F0-B5E2-771BD7889416}.Debug|x86.ActiveCfg = Debug|Win32
		{DDE1D528-13E1-46F0-B5E2-771BD7889416}.Debug|x86.Build.0 = Debug|Win32
		{DDE1D528-13E1-46F0-B5E2-771BD7889416}.Release|x64.ActiveCfg = Release|x64
		{DDE1D528-13E1-46F0-B5E2-771BD7889416}.Release|x64.Build.0 = Release|x64
		{DDE1D528-13E1-46F0-B5E2-771BD7889416}.Release|x86.ActiveCfg = Release|Win32
		{DDE1D528-13E1-46F0-B5E2-771BD7889416}.Release|x86.Build.0 = Release|Win32
		{80A1FDF4-E455-4BFD-BC25-5E46BB9C9BAA}.Debug|x64.ActiveCfg = Debug|x64
		{80A1FDF4-E455-4BFD-BC25-5E46BB9C9BAA}.Debug|x64.Build.0 = Debug|x64
		{80A1FDF4-E455-4BFD-BC25-5E46BB9C9BAA}.Debug|x86.ActiveCfg = Debug|Win32
		{80A1FDF4-E455-4BFD-BC25-5E46BB9C9BAA}.Debug|x86.Build.0 = Debug|Win32
		{80A1FDF4-E455-4BFD-BC25-5E46BB9C9BAA}.Release|x64.ActiveCfg = Release|x64
		{80A1FDF4-E455-4BFD-BC25-5E46BB9C9BAA}.Release|x64.Build.0 = Release|x64
		{80A1FDF4-E455-4BFD-BC25-5E46BB9C9BAA}.Release|x86.ActiveCfg = Release|Win32
		{80A1FDF4-E455-4BFD-BC25-5E46BB9C9BAA}.Release|x86.Build.0 = Release|Win32
		{C8B5E939-D330-4487-AECF-85362A30BD33}.Debug|x64.ActiveCfg = Debug|x64
		{C8B5E939-D330-4487-AECF-85362A30BD33}.Debug|x64.Build.0 = Debug|x64
		{C8B5E939-D330-4487-AECF-85362A30BD33}.Debug|x86.ActiveCfg = Debug|Win32
		{C8B5E939-D330-4487-AECF-85362A30BD33}.Debug|x86.Build.0 = Debug|Win32
		{C8B5E939-D330-4487-AECF-85362A30BD33}.Release|x64.ActiveCfg = Release|x64
		{C8B5E939-D330-4487-AECF-85362A30BD33}.Release|x64.Build.0 = Release|x64
		{C8B5E939-D330-4487-AECF-85362A30BD33}.Release|x86.ActiveCfg = Release|Win32
		{C8B5E939-D330-4487-AECF-85362A30BD33}.Release|x86.Build.0 = Release|Win32
		{07F43A56-ADA5-4239-8571-949CA20EF917}.Debug|x64.ActiveCfg = Debug|x64
		{07F43A56-ADA5-4239-8571-949CA20EF917}.Debug|x64.Build.0 = Debug|x64
		{07F43A56-ADA5-4239-8571-949CA20EF917}.Debug|x86.ActiveCfg = Debug|Win32
		{07F43A56-ADA5-4239-8571-949CA20EF917}.Debug|x86.Build.0 = Debug|Win32
		{07F43A56-ADA5-4239-8571-949CA20EF917}.Release|x64.ActiveCfg = Release|x64
		{07F43A56-ADA5-4239-8571-949CA20EF917}.Release|x64.Build.0 = Release|x64
		{07F43A56-ADA5-4239-8571-949CA20EF917}.Release|x86.ActiveCfg = Release|Win32
		{07F43A56-ADA5-4239-8571-949CA20EF917}.Release|x86.Build.0 = Release|Win32
		{145BAC78-A600-4378-8453-C4C6E44D4DD4}.Debug|x64.ActiveCfg = Debug|x64
		{145BAC78-A600-4378-8453-C4C6E44D4DD4}.Debug|x64.Build.0 = Debug|x64
		{145BAC78-A600-4378-8453-C4C6E44D4DD4}.Debug|x86.ActiveCfg = Debug|Win32
		{145BAC78-A600-4378-8453-C4C6E44D4DD4}.Debug|x86.Build.0 = Debug|Win32
		{145BAC78-A600-4378-8453-C4C6E44D4DD4}.Release|x64.ActiveCfg = Release|x64
		{145BAC78-A600-4378-8453-C4C6E44D4DD4}.Release|x64.Build.0 = Release|x64
		{145BAC78-A600-4378-8453-C4C6E44D4DD4}.Release|x86.ActiveCfg = Release|Win32
		{145BAC78-A600-4378-8453-C4C6E44D4DD4}.Release|x86.Build.0 = Release|Win32
		{725B4D0E-D4DA-4315-B669-BC304DD45382}.Debug|x64.ActiveCfg = Debug|x64
		{725B4D0E-D4DA-4315-B669-BC304DD45382}.Debug|x64.Build.0 = Debug|x64
		{725B4D0E-D4DA-4315-B669-BC304DD45382}.Debug|x86.ActiveCfg = Debug|Win32
		{725B4D0E-D4DA-4315-B669-BC304DD45382}.Debug|x86.Build.0 = Debug|Win32
		{725B4D0E-D4DA-4315-B669-BC304DD45382}.Release|x64.ActiveCfg = Release|x64
		{725B4D0E-D4DA-4315-B669-BC304DD45382}.Release|x64.Build.0 = Release|x64
		{725B4D0E-D4DA-4315-B669-BC304DD45382}.Release|x86.ActiveCfg = Release|Win32
		{725B4D0E-D4DA-4315-B669-BC304DD45382}.Release|x86.Build.0 = Release|Win32
		{CFFD9E43-BB73-4511-8B9F-82CE250621FF}.Debug|x64.ActiveCfg = Debug|x64
		{CFFD9E43-BB73-4511-8B9F-82CE250621FF}.Debug|x64.Build.0 = Debug|x64
		{CFFD9E43-BB73-4511-8B9F-82CE250621FF}.Debug|x86.ActiveCfg = Debug|Win32
		{CFFD9E43-BB73-4511-8B9F-82CE250621FF}.Debug|x86.Build.0 = Debug|Win32
		{CFFD9E43-BB73-4511-8B9F-82CE250621FF}.Release|x64.ActiveCfg = Release|x64
		{CFFD9E43-BB73-4511-8B9F-82CE250621FF}.Release|x64.Build.0 = Release|x64
		{CFFD9E43-BB73-4511-8B9F-82CE250621FF}.Release|x86.ActiveCfg = Release|Win32
		{CFFD9E43-BB73-4511-8B9F-82CE250621FF}.Release|x86.Build.0 = Release|Win32
		{95831456-9587-484A-B856-D0ED1129A9D9}.Debug|x64.ActiveCfg = Debug|x64
		{95831456-9587-484A-B856-D0ED1129A9D9}.Debug|x64.Build.0 = Debug|x64
		{95831456-9587-484A-B856-D0ED1129A9D9}.Debug|x86.ActiveCfg = Debug|Win32
		{95831456-9587-484A-B856-D0ED1129A9D9}.Debug|x86.Build.0 = Debug|Win32
		{95831456-9587-484A-B856-D0ED1129A9D9}.Release|x64.ActiveCfg = Release|x64
		{95831456-9587-484A-B856-D0ED1129A9D9}.Release|x64.Build.0 = Release|x64
		{95831456-9587-484A-B856-D0ED1129A9D9}.Release|x86.ActiveCfg = Release|Win32
		{95831456-9587-484A-B856-D0ED1129A9D9}.Release|x86.Build.0 = Release|Win32
		{F2E0C25E-4F72-48AD-A0D1-6A9ADC52763D}.Debug|x64.ActiveCfg = Debug|x64
		{F2E0C25E-4F72-48AD-A0D1-6A9ADC52763D}.Debug|x64.Build.0 = Debug|x64
		{F2E0C25E-4F72-48AD-A0D1-6A9ADC52763D}.Debug|x86.ActiveCfg = Debug|Win32
		{F2E0C25E-4F72-48AD-A0D1-6A9ADC52763D}.Debug|x86.Build.0 = Debug|Win32
		{F2E0C25E-4F72-48AD-A0D1-6A9ADC52763D}.Release|x64.ActiveCfg = Release|x64
		{F2E0C25E-4F72-48AD-A0D1-6A9ADC52763D}.Release|x64.Build.0 = Release|x64
		{F2E0C25E-4F72-48AD-A0D1-6A9ADC52763D}.Release|x86.ActiveCfg = Release|Win32
		{F2E0C25E-4F72-48AD-A0D1-6A9ADC52763D}.Release|x86.Build.0 = Release|Win32
		{43FB51F8-54C2-4E8E-8818-EA206A57078B}.Debug|x64.ActiveCfg = Debug|x64
		{43FB51F8-54C2-4E8E-8818-EA206A57078B}.Debug|x64.Build.0 = Debug|x64
		{43FB51F8-54C2-4E8E-8818-EA206A57078B}.Debug|x86.ActiveCfg = Debug|Win32
		{43FB51F8-54C2-4E8E-8818-EA206A57078B}.Debug|x86.Build.0 = Debug|Win32
		{43FB51F8-54C2-4E8E-8818-EA206A57078B}.Release|x64.ActiveCfg = Release|x64
		{43FB51F8-54C2-4E8E-8818-EA206A57078B}.Release|x64.Build.0 = Release|x64
		{43FB51F8-54C2-4E8E-8818-EA206A57078B}.Release|x86.ActiveCfg = Release|Win32
		{43FB51F8-54C2-4E8E-8818-EA206A57078B}.Release|x86.Build.0 = Release|Win32
		{EE2EE776-2416-4644-83B9-DFB8F68AB671}.Debug|x64.ActiveCfg = Debug|x64
		{EE2EE776-2416-4644-83B9-DFB8F68AB671}.Debug|x64.Build.0 = Debug|x64
		{EE2EE776-2416-4644-83B9-DFB8F68AB671}.Debug|x86.ActiveCfg = Debug|Win32
		{EE2EE776-2416-4644-83B9-DFB8F68AB671}.Debug|x86.Build.0 = Debug|Win32
		{EE2EE776-2416-4644-83B9-DFB8F68AB671}.Release|x64.ActiveCfg = Release|x64
		{EE2EE776-2416-4644-83B9-DFB8F68AB671}.Release|x64.Build.0 = Release|x64
		{EE2EE776-2416-4644-83B9-DFB8F68AB671}.Release|x86.ActiveCfg = Release|Win32
		{EE2EE776-2416-4644-83B9-DFB8F68AB671}.Release|x86.Build.0 = Release|Win32
		{E4C70FBC-3AF8-4E6B-AA94-7DF96BC16577}.Debug|x64.ActiveCfg = Debug|x64
		{E4C70FBC-3AF8-4E6B-AA94-7DF96BC16577}.Debug|x64.Build.0 = Debug|x64
		{E4C70FBC-3AF8-4E6B-AA94-7DF96BC16577}.Debug|x86.ActiveCfg = Debug|Win32
		{E4C70FBC-3AF8-4E6B-AA94-7DF96BC16577}.Debug|x86.Build.0 = Debug|Win32
		{E4C70FBC-3AF8-4E6B-AA94-7DF96BC16577}.Release|x64.ActiveCfg = Release|x64
		{E4C70FBC-3AF8-4E6B-AA94-7DF96BC16577}.Release|x64.Build.0 = Release|x64
		{E4C70FBC-3AF8-4E6B-AA94-7DF96BC16577}.Release|x86.ActiveCfg = Release|Win32
		{E4C70FBC-3AF8-4E6B-AA94-7DF96BC16577}.Release|x86.Build.0 = Release|Win32
		{0BC4A122-F06A-4486-BA08-4C9ACCA4AAB0}.Debug|x64.ActiveCfg = Debug|x64
		{0BC4A122-F06A-4486-BA08-4C9ACCA4AAB0}.Debug|x64.Build.0 = Debug|x64
		{0BC4A122-F06A-4486-BA08-4C9ACCA4AAB0}.Debug|x86.ActiveCfg = Debug|x64
		{0BC4A122-F06A-4486-BA08-4C9ACCA4AAB0}.Debug|x86.Build.0 = Debug|x64
		{0BC4A122-F06A-4486-BA08-4C9ACCA4AAB0}.Release|x64.ActiveCfg = Release|x64
		{0BC4A122-F06A-4486-BA08-4C9ACCA4AAB0}.Release|x64.Build.0 = Release|x64
		{0BC4A122-F06A-4486-BA08-4C9ACCA4AAB0}.Release|x86.ActiveCfg = Release|x64
		{0BC4A122-F06A-4486-BA08-4C9ACCA4AAB0}.Release|x86.Build.0 = Release|x64
	EndGlobalSection
	GlobalSection(SolutionProperties) = preSolution
		HideSolutionNode = FALSE
	EndGlobalSection
	GlobalSection(NestedProjects) = preSolution
		{C8B5E939-D330-4487-AECF-85362A30BD33} = {A2AF2230-FE03-4BF9-9522-479F55E99081}
		{07F43A56-ADA5-4239-8571-949CA20EF917} = {0B35E96B-2154-4E69-9174-76D0CC7937A5}
		{145BAC78-A600-4378-8453-C4C6E44D4DD4} = {C239D56D-AAD5-3E3F-16E3-C83E211AF029}
		{725B4D0E-D4DA-4315-B669-BC304DD45382} = {94AE6A83-35B2-9290-17B1-EE58494AD8ED}
		{CFFD9E43-BB73-4511-8B9F-82CE250621FF} = {5529D57C-7C95-1515-8C98-212AD91CCFED}
		{95831456-9587-484A-B856-D0ED1129A9D9} = {292B65F8-FA0D-E47D-9464-DED9078AC5B8}
		{F2E0C25E-4F72-48AD-A0D1-6A9ADC52763D} = {E079ED7E-A6EA-5299-3B39-8FF2CF6D6183}
		{43FB51F8-54C2-4E8E-8818-EA206A57078B} = {69044882-E8EE-4394-BF86-126629A6A59D}
		{EE2EE776-2416-4644-83B9-DFB8F68AB671} = {D62454FC-46A0-44B0-BDBE-66D989753A66}
		{E4C70FBC-3AF8-4E6B-AA94-7DF96BC16577} = {38E85F58-0F4A-499B-BF08-2EC8B835363E}
		{0BC4A122-F06A-4486-BA08-4C9ACCA4AAB0} = {1C865EC8-BC15-429D-8A4F-EFC6E11111F1}
	EndGlobalSection
	GlobalSection(ExtensibilityGlobals) = postSolution
		SolutionGuid = {6A7038D6-A044-4FF1-AA4C-C85FB13EDEA6}
	EndGlobalSection
EndGlobal
